
Microsoft Visual Studio Solution File, Format Version 12.00
# Visual Studio Version 16
VisualStudioVersion = 16.0.30320.27
MinimumVisualStudioVersion = 10.0.40219.1
Project("{9A19103F-16F7-4668-BE54-9A1E7A4F7556}") = "Microservice1", "Microservice1\Microservice1.csproj", "{FEB279B1-FDAC-4491-92E6-50B72B5D2412}"
EndProject
Project("{9A19103F-16F7-4668-BE54-9A1E7A4F7556}") = "Microservice2", "Microservice2\Microservice2.csproj", "{12A9DF7D-8EF1-49C4-8685-80A208FCEE28}"
EndProject
Global
	GlobalSection(SolutionConfigurationPlatforms) = preSolution
		Debug|Any CPU = Debug|Any CPU
		Release|Any CPU = Release|Any CPU
	EndGlobalSection
	GlobalSection(ProjectConfigurationPlatforms) = postSolution
		{FEB279B1-FDAC-4491-92E6-50B72B5D2412}.Debug|Any CPU.ActiveCfg = Debug|Any CPU
		{FEB279B1-FDAC-4491-92E6-50B72B5D2412}.Debug|Any CPU.Build.0 = Debug|Any CPU
		{FEB279B1-FDAC-4491-92E6-50B72B5D2412}.Release|Any CPU.ActiveCfg = Release|Any CPU
		{FEB279B1-FDAC-4491-92E6-50B72B5D2412}.Release|Any CPU.Build.0 = Release|Any CPU
		{12A9DF7D-8EF1-49C4-8685-80A208FCEE28}.Debug|Any CPU.ActiveCfg = Debug|Any CPU
		{12A9DF7D-8EF1-49C4-8685-80A208FCEE28}.Debug|Any CPU.Build.0 = Debug|Any CPU
		{12A9DF7D-8EF1-49C4-8685-80A208FCEE28}.Release|Any CPU.ActiveCfg = Release|Any CPU
		{12A9DF7D-8EF1-49C4-8685-80A208FCEE28}.Release|Any CPU.Build.0 = Release|Any CPU
	EndGlobalSection
	GlobalSection(SolutionProperties) = preSolution
		HideSolutionNode = FALSE
	EndGlobalSection
	GlobalSection(ExtensibilityGlobals) = postSolution
		SolutionGuid = {F2A7C27C-1AFD-4170-AD21-D54A14E008E1}
	EndGlobalSection
EndGlobal
